
Microsoft Visual Studio Solution File, Format Version 12.00
# Visual Studio 2012
Project("{FAE04EC0-301F-11D3-BF4B-00C04F79EFBC}") = "Project_01_SimpleStopWatch", "Project_01_SimpleStopWatch\Project_01_SimpleStopWatch.csproj", "{A15E952D-AC18-429D-AC0B-3A0414121F1E}"
EndProject
Project("{FAE04EC0-301F-11D3-BF4B-00C04F79EFBC}") = "Project_02_CustomFont", "Project_02_CustomFont\Project_02_CustomFont.csproj", "{E3D74F11-81B7-43E2-B26C-780F98CB49C2}"
EndProject
Global
	GlobalSection(SolutionConfigurationPlatforms) = preSolution
		Debug|iPhoneSimulator = Debug|iPhoneSimulator
		Release|iPhone = Release|iPhone
		Release|iPhoneSimulator = Release|iPhoneSimulator
		Debug|iPhone = Debug|iPhone
	EndGlobalSection
	GlobalSection(ProjectConfigurationPlatforms) = postSolution
		{A15E952D-AC18-429D-AC0B-3A0414121F1E}.Debug|iPhoneSimulator.ActiveCfg = Debug|iPhoneSimulator
		{A15E952D-AC18-429D-AC0B-3A0414121F1E}.Debug|iPhoneSimulator.Build.0 = Debug|iPhoneSimulator
		{A15E952D-AC18-429D-AC0B-3A0414121F1E}.Release|iPhone.ActiveCfg = Release|iPhone
		{A15E952D-AC18-429D-AC0B-3A0414121F1E}.Release|iPhone.Build.0 = Release|iPhone
		{A15E952D-AC18-429D-AC0B-3A0414121F1E}.Release|iPhoneSimulator.ActiveCfg = Release|iPhoneSimulator
		{A15E952D-AC18-429D-AC0B-3A0414121F1E}.Release|iPhoneSimulator.Build.0 = Release|iPhoneSimulator
		{A15E952D-AC18-429D-AC0B-3A0414121F1E}.Debug|iPhone.ActiveCfg = Debug|iPhone
		{A15E952D-AC18-429D-AC0B-3A0414121F1E}.Debug|iPhone.Build.0 = Debug|iPhone
		{E3D74F11-81B7-43E2-B26C-780F98CB49C2}.Debug|iPhoneSimulator.ActiveCfg = Debug|iPhoneSimulator
		{E3D74F11-81B7-43E2-B26C-780F98CB49C2}.Debug|iPhoneSimulator.Build.0 = Debug|iPhoneSimulator
		{E3D74F11-81B7-43E2-B26C-780F98CB49C2}.Release|iPhone.ActiveCfg = Release|iPhone
		{E3D74F11-81B7-43E2-B26C-780F98CB49C2}.Release|iPhone.Build.0 = Release|iPhone
		{E3D74F11-81B7-43E2-B26C-780F98CB49C2}.Release|iPhoneSimulator.ActiveCfg = Release|iPhoneSimulator
		{E3D74F11-81B7-43E2-B26C-780F98CB49C2}.Release|iPhoneSimulator.Build.0 = Release|iPhoneSimulator
		{E3D74F11-81B7-43E2-B26C-780F98CB49C2}.Debug|iPhone.ActiveCfg = Debug|iPhone
		{E3D74F11-81B7-43E2-B26C-780F98CB49C2}.Debug|iPhone.Build.0 = Debug|iPhone
	EndGlobalSection
EndGlobal
